
Microsoft Visual Studio Solution File, Format Version 12.00
# Visual Studio Version 16
VisualStudioVersion = 16.0.32228.343
MinimumVisualStudioVersion = 10.0.40219.1
Project("{9A19103F-16F7-4668-BE54-9A1E7A4F7556}") = "UniversityCompetition", "UniversityCompetition.csproj", "{862B7555-D08D-4864-BAB3-796DE38D0D38}"
EndProject
Global
	GlobalSection(SolutionConfigurationPlatforms) = preSolution
		Debug|Any CPU = Debug|Any CPU
		Release|Any CPU = Release|Any CPU
	EndGlobalSection
	GlobalSection(ProjectConfigurationPlatforms) = postSolution
		{862B7555-D08D-4864-BAB3-796DE38D0D38}.Debug|Any CPU.ActiveCfg = Debug|Any CPU
		{862B7555-D08D-4864-BAB3-796DE38D0D38}.Debug|Any CPU.Build.0 = Debug|Any CPU
		{862B7555-D08D-4864-BAB3-796DE38D0D38}.Release|Any CPU.ActiveCfg = Release|Any CPU
		{862B7555-D08D-4864-BAB3-796DE38D0D38}.Release|Any CPU.Build.0 = Release|Any CPU
	EndGlobalSection
	GlobalSection(SolutionProperties) = preSolution
		HideSolutionNode = FALSE
	EndGlobalSection
	GlobalSection(ExtensibilityGlobals) = postSolution
		SolutionGuid = {B76546BA-7998-47FE-BD81-5580FD19BF65}
	EndGlobalSection
EndGlobal
